// !$*UTF8*$!
{
	archiveVersion = 1;
	classes = {
	};
	objectVersion = 50;
	objects = {

/* Begin PBXBuildFile section */
		2544038B20BDAD05005C1EB2 /* SwiftyTouch.framework in Frameworks */ = {isa = PBXBuildFile; fileRef = 2544038120BDAD05005C1EB2 /* SwiftyTouch.framework */; };
		2544039220BDAD05005C1EB2 /* SwiftyTouch.h in Headers */ = {isa = PBXBuildFile; fileRef = 2544038420BDAD05005C1EB2 /* SwiftyTouch.h */; settings = {ATTRIBUTES = (Public, ); }; };
		2544039C20BDB426005C1EB2 /* Collection.swift in Sources */ = {isa = PBXBuildFile; fileRef = 2544039B20BDB426005C1EB2 /* Collection.swift */; };
		2544039F20BDB8F2005C1EB2 /* Weak.swift in Sources */ = {isa = PBXBuildFile; fileRef = 2544039E20BDB8F2005C1EB2 /* Weak.swift */; };
		254403A120BDB901005C1EB2 /* RawRepresentable.swift in Sources */ = {isa = PBXBuildFile; fileRef = 254403A020BDB901005C1EB2 /* RawRepresentable.swift */; };
		259272E920C01176004C8CDD /* String.swift in Sources */ = {isa = PBXBuildFile; fileRef = 259272E820C01176004C8CDD /* String.swift */; };
		259272EC20C0120C004C8CDD /* ReusableView+Registration.swift in Sources */ = {isa = PBXBuildFile; fileRef = 259272EB20C0120C004C8CDD /* ReusableView+Registration.swift */; };
		259272F320C012DC004C8CDD /* RegistrationTests.swift in Sources */ = {isa = PBXBuildFile; fileRef = 259272F220C012DC004C8CDD /* RegistrationTests.swift */; };
		259272FA20C0137E004C8CDD /* RegistrationTableViewHeaderFooterView.xib in Resources */ = {isa = PBXBuildFile; fileRef = 259272F520C0137E004C8CDD /* RegistrationTableViewHeaderFooterView.xib */; };
		259272FB20C0137E004C8CDD /* RegistrationCollectionViewReusableView.xib in Resources */ = {isa = PBXBuildFile; fileRef = 259272F620C0137E004C8CDD /* RegistrationCollectionViewReusableView.xib */; };
		259272FC20C0137E004C8CDD /* RegistrationViews.swift in Sources */ = {isa = PBXBuildFile; fileRef = 259272F720C0137E004C8CDD /* RegistrationViews.swift */; };
		259272FD20C0137E004C8CDD /* RegistrationTableViewCell.xib in Resources */ = {isa = PBXBuildFile; fileRef = 259272F820C0137E004C8CDD /* RegistrationTableViewCell.xib */; };
		259272FE20C0137E004C8CDD /* RegistrationCollectionViewCell.xib in Resources */ = {isa = PBXBuildFile; fileRef = 259272F920C0137E004C8CDD /* RegistrationCollectionViewCell.xib */; };
		2592730020C018E5004C8CDD /* ReusableView+Layout.swift in Sources */ = {isa = PBXBuildFile; fileRef = 259272FF20C018E5004C8CDD /* ReusableView+Layout.swift */; };
		2595880720C555FD001ED4D0 /* NibConvertible.swift in Sources */ = {isa = PBXBuildFile; fileRef = 2595880620C555FD001ED4D0 /* NibConvertible.swift */; };
		2595880920C5563C001ED4D0 /* NibError.swift in Sources */ = {isa = PBXBuildFile; fileRef = 2595880820C5563C001ED4D0 /* NibError.swift */; };
		2595880B20C5566B001ED4D0 /* NibObjectProvider.swift in Sources */ = {isa = PBXBuildFile; fileRef = 2595880A20C5566B001ED4D0 /* NibObjectProvider.swift */; };
		2595880D20C556A6001ED4D0 /* LoadableFromNib.swift in Sources */ = {isa = PBXBuildFile; fileRef = 2595880C20C556A6001ED4D0 /* LoadableFromNib.swift */; };
		2595880F20C556ED001ED4D0 /* NibCustomView.swift in Sources */ = {isa = PBXBuildFile; fileRef = 2595880E20C556ED001ED4D0 /* NibCustomView.swift */; };
		2595881120C5570F001ED4D0 /* NibOwnerView.swift in Sources */ = {isa = PBXBuildFile; fileRef = 2595881020C5570F001ED4D0 /* NibOwnerView.swift */; };
		2595881320C5578A001ED4D0 /* NibIBNestableView.swift in Sources */ = {isa = PBXBuildFile; fileRef = 2595881220C5578A001ED4D0 /* NibIBNestableView.swift */; };
		2595881520C557BA001ED4D0 /* NibCustomViewController.swift in Sources */ = {isa = PBXBuildFile; fileRef = 2595881420C557BA001ED4D0 /* NibCustomViewController.swift */; };
		2595881720C557D6001ED4D0 /* NibOwnerViewController.swift in Sources */ = {isa = PBXBuildFile; fileRef = 2595881620C557D6001ED4D0 /* NibOwnerViewController.swift */; };
		2595881920C55817001ED4D0 /* NibIBNestableViewController.swift in Sources */ = {isa = PBXBuildFile; fileRef = 2595881820C55817001ED4D0 /* NibIBNestableViewController.swift */; };
		2595881B20C5584E001ED4D0 /* NibReusableView.swift in Sources */ = {isa = PBXBuildFile; fileRef = 2595881A20C5584E001ED4D0 /* NibReusableView.swift */; };
		2595881E20C558CF001ED4D0 /* StoryboardError.swift in Sources */ = {isa = PBXBuildFile; fileRef = 2595881D20C558CF001ED4D0 /* StoryboardError.swift */; };
		2595882020C558EA001ED4D0 /* StoryboardConvertible.swift in Sources */ = {isa = PBXBuildFile; fileRef = 2595881F20C558EA001ED4D0 /* StoryboardConvertible.swift */; };
		2595882220C55911001ED4D0 /* StoryboardObjectProvider.swift in Sources */ = {isa = PBXBuildFile; fileRef = 2595882120C55911001ED4D0 /* StoryboardObjectProvider.swift */; };
		2595882420C55966001ED4D0 /* LoadableFromStoryboard.swift in Sources */ = {isa = PBXBuildFile; fileRef = 2595882320C55966001ED4D0 /* LoadableFromStoryboard.swift */; };
		2595882620C55998001ED4D0 /* StoryboardViewController.swift in Sources */ = {isa = PBXBuildFile; fileRef = 2595882520C55998001ED4D0 /* StoryboardViewController.swift */; };
		2595882A20C55A82001ED4D0 /* NibConvertibleTests.swift in Sources */ = {isa = PBXBuildFile; fileRef = 2595882920C55A82001ED4D0 /* NibConvertibleTests.swift */; };
		2595882C20C55A96001ED4D0 /* StoryboardConvertibleTests.swift in Sources */ = {isa = PBXBuildFile; fileRef = 2595882B20C55A96001ED4D0 /* StoryboardConvertibleTests.swift */; };
		2595883E20C55B00001ED4D0 /* NibConvertibleViewControllersStoryboard.storyboard in Resources */ = {isa = PBXBuildFile; fileRef = 2595882F20C55AFF001ED4D0 /* NibConvertibleViewControllersStoryboard.storyboard */; };
		2595883F20C55B00001ED4D0 /* NibConvertibleIBNestableView.xib in Resources */ = {isa = PBXBuildFile; fileRef = 2595883020C55AFF001ED4D0 /* NibConvertibleIBNestableView.xib */; };
		2595884020C55B00001ED4D0 /* NibConvertibleCustomViews.xib in Resources */ = {isa = PBXBuildFile; fileRef = 2595883120C55AFF001ED4D0 /* NibConvertibleCustomViews.xib */; };
		2595884120C55B00001ED4D0 /* NibConvertibleIBNestableViewController.xib in Resources */ = {isa = PBXBuildFile; fileRef = 2595883220C55AFF001ED4D0 /* NibConvertibleIBNestableViewController.xib */; };
		2595884220C55B00001ED4D0 /* NibConvertibleOwnerView.swift in Sources */ = {isa = PBXBuildFile; fileRef = 2595883320C55AFF001ED4D0 /* NibConvertibleOwnerView.swift */; };
		2595884320C55B00001ED4D0 /* NibConvertibleViewsStoryboard.storyboard in Resources */ = {isa = PBXBuildFile; fileRef = 2595883420C55AFF001ED4D0 /* NibConvertibleViewsStoryboard.storyboard */; };
		2595884420C55B00001ED4D0 /* NibConvertibleIBNestableView.swift in Sources */ = {isa = PBXBuildFile; fileRef = 2595883520C55AFF001ED4D0 /* NibConvertibleIBNestableView.swift */; };
		2595884520C55B00001ED4D0 /* NibConvertibleCustomViewController.xib in Resources */ = {isa = PBXBuildFile; fileRef = 2595883620C55AFF001ED4D0 /* NibConvertibleCustomViewController.xib */; };
		2595884620C55B00001ED4D0 /* NibConvertibleCustomViewController.swift in Sources */ = {isa = PBXBuildFile; fileRef = 2595883720C55AFF001ED4D0 /* NibConvertibleCustomViewController.swift */; };
		2595884720C55B00001ED4D0 /* NibConvertibleOwnerViewController.swift in Sources */ = {isa = PBXBuildFile; fileRef = 2595883820C55AFF001ED4D0 /* NibConvertibleOwnerViewController.swift */; };
		2595884820C55B00001ED4D0 /* NibConvertibleCustomViews.swift in Sources */ = {isa = PBXBuildFile; fileRef = 2595883920C55AFF001ED4D0 /* NibConvertibleCustomViews.swift */; };
		2595884920C55B00001ED4D0 /* NibConvertibleOwnerView.xib in Resources */ = {isa = PBXBuildFile; fileRef = 2595883A20C55AFF001ED4D0 /* NibConvertibleOwnerView.xib */; };
		2595884A20C55B00001ED4D0 /* NibConvertibleIBNestableViewController.swift in Sources */ = {isa = PBXBuildFile; fileRef = 2595883B20C55B00001ED4D0 /* NibConvertibleIBNestableViewController.swift */; };
		2595884B20C55B00001ED4D0 /* NibConvertibleOwnerViewController.xib in Resources */ = {isa = PBXBuildFile; fileRef = 2595883C20C55B00001ED4D0 /* NibConvertibleOwnerViewController.xib */; };
		2595884C20C55B00001ED4D0 /* NibConvertibleReusableViews.swift in Sources */ = {isa = PBXBuildFile; fileRef = 2595883D20C55B00001ED4D0 /* NibConvertibleReusableViews.swift */; };
		2595885020C55B21001ED4D0 /* StoryboardConvertibleStoryboard.storyboard in Resources */ = {isa = PBXBuildFile; fileRef = 2595884D20C55B21001ED4D0 /* StoryboardConvertibleStoryboard.storyboard */; };
		2595885120C55B21001ED4D0 /* StoryboardConvertibleViewControllers.swift in Sources */ = {isa = PBXBuildFile; fileRef = 2595884E20C55B21001ED4D0 /* StoryboardConvertibleViewControllers.swift */; };
		2595885220C55B21001ED4D0 /* StoryboardConvertibleNoInitialStoryboard.storyboard in Resources */ = {isa = PBXBuildFile; fileRef = 2595884F20C55B21001ED4D0 /* StoryboardConvertibleNoInitialStoryboard.storyboard */; };
		2595885420C55C47001ED4D0 /* UIView+Layout.swift in Sources */ = {isa = PBXBuildFile; fileRef = 2595885320C55C47001ED4D0 /* UIView+Layout.swift */; };
		2595885620C55CDB001ED4D0 /* UIViewController+Layout.swift in Sources */ = {isa = PBXBuildFile; fileRef = 2595885520C55CDB001ED4D0 /* UIViewController+Layout.swift */; };
		2595885820C573CB001ED4D0 /* UIView+LayoutTests.swift in Sources */ = {isa = PBXBuildFile; fileRef = 2595885720C573CB001ED4D0 /* UIView+LayoutTests.swift */; };
		2595885B20C574DC001ED4D0 /* UIViewLayoutView.xib in Resources */ = {isa = PBXBuildFile; fileRef = 2595885A20C574DC001ED4D0 /* UIViewLayoutView.xib */; };
		2595885D20C5775D001ED4D0 /* UIViewLayoutViewController.swift in Sources */ = {isa = PBXBuildFile; fileRef = 2595885C20C5775D001ED4D0 /* UIViewLayoutViewController.swift */; };
/* End PBXBuildFile section */

/* Begin PBXContainerItemProxy section */
		2544038C20BDAD05005C1EB2 /* PBXContainerItemProxy */ = {
			isa = PBXContainerItemProxy;
			containerPortal = 2544037820BDAD05005C1EB2 /* Project object */;
			proxyType = 1;
			remoteGlobalIDString = 2544038020BDAD05005C1EB2;
			remoteInfo = SwiftyTouch;
		};
/* End PBXContainerItemProxy section */

/* Begin PBXFileReference section */
		2544038120BDAD05005C1EB2 /* SwiftyTouch.framework */ = {isa = PBXFileReference; explicitFileType = wrapper.framework; includeInIndex = 0; path = SwiftyTouch.framework; sourceTree = BUILT_PRODUCTS_DIR; };
		2544038420BDAD05005C1EB2 /* SwiftyTouch.h */ = {isa = PBXFileReference; lastKnownFileType = sourcecode.c.h; path = SwiftyTouch.h; sourceTree = "<group>"; };
		2544038520BDAD05005C1EB2 /* Info.plist */ = {isa = PBXFileReference; lastKnownFileType = text.plist.xml; path = Info.plist; sourceTree = "<group>"; };
		2544038A20BDAD05005C1EB2 /* SwiftyTouchTests.xctest */ = {isa = PBXFileReference; explicitFileType = wrapper.cfbundle; includeInIndex = 0; path = SwiftyTouchTests.xctest; sourceTree = BUILT_PRODUCTS_DIR; };
		2544039120BDAD05005C1EB2 /* Info.plist */ = {isa = PBXFileReference; lastKnownFileType = text.plist.xml; path = Info.plist; sourceTree = "<group>"; };
		2544039B20BDB426005C1EB2 /* Collection.swift */ = {isa = PBXFileReference; lastKnownFileType = sourcecode.swift; path = Collection.swift; sourceTree = "<group>"; };
		2544039E20BDB8F2005C1EB2 /* Weak.swift */ = {isa = PBXFileReference; lastKnownFileType = sourcecode.swift; path = Weak.swift; sourceTree = "<group>"; };
		254403A020BDB901005C1EB2 /* RawRepresentable.swift */ = {isa = PBXFileReference; lastKnownFileType = sourcecode.swift; path = RawRepresentable.swift; sourceTree = "<group>"; };
		259272E820C01176004C8CDD /* String.swift */ = {isa = PBXFileReference; lastKnownFileType = sourcecode.swift; path = String.swift; sourceTree = "<group>"; };
		259272EB20C0120C004C8CDD /* ReusableView+Registration.swift */ = {isa = PBXFileReference; lastKnownFileType = sourcecode.swift; path = "ReusableView+Registration.swift"; sourceTree = "<group>"; };
		259272F220C012DC004C8CDD /* RegistrationTests.swift */ = {isa = PBXFileReference; lastKnownFileType = sourcecode.swift; path = RegistrationTests.swift; sourceTree = "<group>"; };
		259272F520C0137E004C8CDD /* RegistrationTableViewHeaderFooterView.xib */ = {isa = PBXFileReference; fileEncoding = 4; lastKnownFileType = file.xib; path = RegistrationTableViewHeaderFooterView.xib; sourceTree = "<group>"; };
		259272F620C0137E004C8CDD /* RegistrationCollectionViewReusableView.xib */ = {isa = PBXFileReference; fileEncoding = 4; lastKnownFileType = file.xib; path = RegistrationCollectionViewReusableView.xib; sourceTree = "<group>"; };
		259272F720C0137E004C8CDD /* RegistrationViews.swift */ = {isa = PBXFileReference; fileEncoding = 4; lastKnownFileType = sourcecode.swift; path = RegistrationViews.swift; sourceTree = "<group>"; };
		259272F820C0137E004C8CDD /* RegistrationTableViewCell.xib */ = {isa = PBXFileReference; fileEncoding = 4; lastKnownFileType = file.xib; path = RegistrationTableViewCell.xib; sourceTree = "<group>"; };
		259272F920C0137E004C8CDD /* RegistrationCollectionViewCell.xib */ = {isa = PBXFileReference; fileEncoding = 4; lastKnownFileType = file.xib; path = RegistrationCollectionViewCell.xib; sourceTree = "<group>"; };
		259272FF20C018E5004C8CDD /* ReusableView+Layout.swift */ = {isa = PBXFileReference; lastKnownFileType = sourcecode.swift; path = "ReusableView+Layout.swift"; sourceTree = "<group>"; };
		2595880620C555FD001ED4D0 /* NibConvertible.swift */ = {isa = PBXFileReference; lastKnownFileType = sourcecode.swift; path = NibConvertible.swift; sourceTree = "<group>"; };
		2595880820C5563C001ED4D0 /* NibError.swift */ = {isa = PBXFileReference; lastKnownFileType = sourcecode.swift; path = NibError.swift; sourceTree = "<group>"; };
		2595880A20C5566B001ED4D0 /* NibObjectProvider.swift */ = {isa = PBXFileReference; lastKnownFileType = sourcecode.swift; path = NibObjectProvider.swift; sourceTree = "<group>"; };
		2595880C20C556A6001ED4D0 /* LoadableFromNib.swift */ = {isa = PBXFileReference; lastKnownFileType = sourcecode.swift; path = LoadableFromNib.swift; sourceTree = "<group>"; };
		2595880E20C556ED001ED4D0 /* NibCustomView.swift */ = {isa = PBXFileReference; lastKnownFileType = sourcecode.swift; path = NibCustomView.swift; sourceTree = "<group>"; };
		2595881020C5570F001ED4D0 /* NibOwnerView.swift */ = {isa = PBXFileReference; lastKnownFileType = sourcecode.swift; path = NibOwnerView.swift; sourceTree = "<group>"; };
		2595881220C5578A001ED4D0 /* NibIBNestableView.swift */ = {isa = PBXFileReference; lastKnownFileType = sourcecode.swift; path = NibIBNestableView.swift; sourceTree = "<group>"; };
		2595881420C557BA001ED4D0 /* NibCustomViewController.swift */ = {isa = PBXFileReference; lastKnownFileType = sourcecode.swift; path = NibCustomViewController.swift; sourceTree = "<group>"; };
		2595881620C557D6001ED4D0 /* NibOwnerViewController.swift */ = {isa = PBXFileReference; lastKnownFileType = sourcecode.swift; path = NibOwnerViewController.swift; sourceTree = "<group>"; };
		2595881820C55817001ED4D0 /* NibIBNestableViewController.swift */ = {isa = PBXFileReference; lastKnownFileType = sourcecode.swift; path = NibIBNestableViewController.swift; sourceTree = "<group>"; };
		2595881A20C5584E001ED4D0 /* NibReusableView.swift */ = {isa = PBXFileReference; lastKnownFileType = sourcecode.swift; path = NibReusableView.swift; sourceTree = "<group>"; };
		2595881D20C558CF001ED4D0 /* StoryboardError.swift */ = {isa = PBXFileReference; lastKnownFileType = sourcecode.swift; path = StoryboardError.swift; sourceTree = "<group>"; };
		2595881F20C558EA001ED4D0 /* StoryboardConvertible.swift */ = {isa = PBXFileReference; lastKnownFileType = sourcecode.swift; path = StoryboardConvertible.swift; sourceTree = "<group>"; };
		2595882120C55911001ED4D0 /* StoryboardObjectProvider.swift */ = {isa = PBXFileReference; lastKnownFileType = sourcecode.swift; path = StoryboardObjectProvider.swift; sourceTree = "<group>"; };
		2595882320C55966001ED4D0 /* LoadableFromStoryboard.swift */ = {isa = PBXFileReference; lastKnownFileType = sourcecode.swift; path = LoadableFromStoryboard.swift; sourceTree = "<group>"; };
		2595882520C55998001ED4D0 /* StoryboardViewController.swift */ = {isa = PBXFileReference; lastKnownFileType = sourcecode.swift; path = StoryboardViewController.swift; sourceTree = "<group>"; };
		2595882920C55A82001ED4D0 /* NibConvertibleTests.swift */ = {isa = PBXFileReference; lastKnownFileType = sourcecode.swift; path = NibConvertibleTests.swift; sourceTree = "<group>"; };
		2595882B20C55A96001ED4D0 /* StoryboardConvertibleTests.swift */ = {isa = PBXFileReference; lastKnownFileType = sourcecode.swift; path = StoryboardConvertibleTests.swift; sourceTree = "<group>"; };
		2595882F20C55AFF001ED4D0 /* NibConvertibleViewControllersStoryboard.storyboard */ = {isa = PBXFileReference; fileEncoding = 4; lastKnownFileType = file.storyboard; path = NibConvertibleViewControllersStoryboard.storyboard; sourceTree = "<group>"; };
		2595883020C55AFF001ED4D0 /* NibConvertibleIBNestableView.xib */ = {isa = PBXFileReference; fileEncoding = 4; lastKnownFileType = file.xib; path = NibConvertibleIBNestableView.xib; sourceTree = "<group>"; };
		2595883120C55AFF001ED4D0 /* NibConvertibleCustomViews.xib */ = {isa = PBXFileReference; fileEncoding = 4; lastKnownFileType = file.xib; path = NibConvertibleCustomViews.xib; sourceTree = "<group>"; };
		2595883220C55AFF001ED4D0 /* NibConvertibleIBNestableViewController.xib */ = {isa = PBXFileReference; fileEncoding = 4; lastKnownFileType = file.xib; path = NibConvertibleIBNestableViewController.xib; sourceTree = "<group>"; };
		2595883320C55AFF001ED4D0 /* NibConvertibleOwnerView.swift */ = {isa = PBXFileReference; fileEncoding = 4; lastKnownFileType = sourcecode.swift; path = NibConvertibleOwnerView.swift; sourceTree = "<group>"; };
		2595883420C55AFF001ED4D0 /* NibConvertibleViewsStoryboard.storyboard */ = {isa = PBXFileReference; fileEncoding = 4; lastKnownFileType = file.storyboard; path = NibConvertibleViewsStoryboard.storyboard; sourceTree = "<group>"; };
		2595883520C55AFF001ED4D0 /* NibConvertibleIBNestableView.swift */ = {isa = PBXFileReference; fileEncoding = 4; lastKnownFileType = sourcecode.swift; path = NibConvertibleIBNestableView.swift; sourceTree = "<group>"; };
		2595883620C55AFF001ED4D0 /* NibConvertibleCustomViewController.xib */ = {isa = PBXFileReference; fileEncoding = 4; lastKnownFileType = file.xib; path = NibConvertibleCustomViewController.xib; sourceTree = "<group>"; };
		2595883720C55AFF001ED4D0 /* NibConvertibleCustomViewController.swift */ = {isa = PBXFileReference; fileEncoding = 4; lastKnownFileType = sourcecode.swift; path = NibConvertibleCustomViewController.swift; sourceTree = "<group>"; };
		2595883820C55AFF001ED4D0 /* NibConvertibleOwnerViewController.swift */ = {isa = PBXFileReference; fileEncoding = 4; lastKnownFileType = sourcecode.swift; path = NibConvertibleOwnerViewController.swift; sourceTree = "<group>"; };
		2595883920C55AFF001ED4D0 /* NibConvertibleCustomViews.swift */ = {isa = PBXFileReference; fileEncoding = 4; lastKnownFileType = sourcecode.swift; path = NibConvertibleCustomViews.swift; sourceTree = "<group>"; };
		2595883A20C55AFF001ED4D0 /* NibConvertibleOwnerView.xib */ = {isa = PBXFileReference; fileEncoding = 4; lastKnownFileType = file.xib; path = NibConvertibleOwnerView.xib; sourceTree = "<group>"; };
		2595883B20C55B00001ED4D0 /* NibConvertibleIBNestableViewController.swift */ = {isa = PBXFileReference; fileEncoding = 4; lastKnownFileType = sourcecode.swift; path = NibConvertibleIBNestableViewController.swift; sourceTree = "<group>"; };
		2595883C20C55B00001ED4D0 /* NibConvertibleOwnerViewController.xib */ = {isa = PBXFileReference; fileEncoding = 4; lastKnownFileType = file.xib; path = NibConvertibleOwnerViewController.xib; sourceTree = "<group>"; };
		2595883D20C55B00001ED4D0 /* NibConvertibleReusableViews.swift */ = {isa = PBXFileReference; fileEncoding = 4; lastKnownFileType = sourcecode.swift; path = NibConvertibleReusableViews.swift; sourceTree = "<group>"; };
		2595884D20C55B21001ED4D0 /* StoryboardConvertibleStoryboard.storyboard */ = {isa = PBXFileReference; fileEncoding = 4; lastKnownFileType = file.storyboard; path = StoryboardConvertibleStoryboard.storyboard; sourceTree = "<group>"; };
		2595884E20C55B21001ED4D0 /* StoryboardConvertibleViewControllers.swift */ = {isa = PBXFileReference; fileEncoding = 4; lastKnownFileType = sourcecode.swift; path = StoryboardConvertibleViewControllers.swift; sourceTree = "<group>"; };
		2595884F20C55B21001ED4D0 /* StoryboardConvertibleNoInitialStoryboard.storyboard */ = {isa = PBXFileReference; fileEncoding = 4; lastKnownFileType = file.storyboard; path = StoryboardConvertibleNoInitialStoryboard.storyboard; sourceTree = "<group>"; };
		2595885320C55C47001ED4D0 /* UIView+Layout.swift */ = {isa = PBXFileReference; lastKnownFileType = sourcecode.swift; path = "UIView+Layout.swift"; sourceTree = "<group>"; };
		2595885520C55CDB001ED4D0 /* UIViewController+Layout.swift */ = {isa = PBXFileReference; lastKnownFileType = sourcecode.swift; path = "UIViewController+Layout.swift"; sourceTree = "<group>"; };
		2595885720C573CB001ED4D0 /* UIView+LayoutTests.swift */ = {isa = PBXFileReference; lastKnownFileType = sourcecode.swift; path = "UIView+LayoutTests.swift"; sourceTree = "<group>"; };
		2595885A20C574DC001ED4D0 /* UIViewLayoutView.xib */ = {isa = PBXFileReference; lastKnownFileType = file.xib; path = UIViewLayoutView.xib; sourceTree = "<group>"; };
		2595885C20C5775D001ED4D0 /* UIViewLayoutViewController.swift */ = {isa = PBXFileReference; lastKnownFileType = sourcecode.swift; path = UIViewLayoutViewController.swift; sourceTree = "<group>"; };
/* End PBXFileReference section */

/* Begin PBXFrameworksBuildPhase section */
		2544037D20BDAD05005C1EB2 /* Frameworks */ = {
			isa = PBXFrameworksBuildPhase;
			buildActionMask = 2147483647;
			files = (
			);
			runOnlyForDeploymentPostprocessing = 0;
		};
		2544038720BDAD05005C1EB2 /* Frameworks */ = {
			isa = PBXFrameworksBuildPhase;
			buildActionMask = 2147483647;
			files = (
				2544038B20BDAD05005C1EB2 /* SwiftyTouch.framework in Frameworks */,
			);
			runOnlyForDeploymentPostprocessing = 0;
		};
/* End PBXFrameworksBuildPhase section */

/* Begin PBXGroup section */
		2544037720BDAD05005C1EB2 = {
			isa = PBXGroup;
			children = (
				2544038320BDAD05005C1EB2 /* SwiftyTouch */,
				2544038E20BDAD05005C1EB2 /* SwiftyTouchTests */,
				2544038220BDAD05005C1EB2 /* Products */,
			);
			sourceTree = "<group>";
		};
		2544038220BDAD05005C1EB2 /* Products */ = {
			isa = PBXGroup;
			children = (
				2544038120BDAD05005C1EB2 /* SwiftyTouch.framework */,
				2544038A20BDAD05005C1EB2 /* SwiftyTouchTests.xctest */,
			);
			name = Products;
			sourceTree = "<group>";
		};
		2544038320BDAD05005C1EB2 /* SwiftyTouch */ = {
			isa = PBXGroup;
			children = (
				2544038420BDAD05005C1EB2 /* SwiftyTouch.h */,
				2544038520BDAD05005C1EB2 /* Info.plist */,
				2544039D20BDB889005C1EB2 /* Swift */,
				259272E520C01031004C8CDD /* Cocoa Touch */,
			);
			path = SwiftyTouch;
			sourceTree = "<group>";
		};
		2544038E20BDAD05005C1EB2 /* SwiftyTouchTests */ = {
			isa = PBXGroup;
			children = (
				2544039120BDAD05005C1EB2 /* Info.plist */,
				259272ED20C01280004C8CDD /* Swift */,
				259272EE20C01290004C8CDD /* Cocoa Touch */,
			);
			path = SwiftyTouchTests;
			sourceTree = "<group>";
		};
		2544039D20BDB889005C1EB2 /* Swift */ = {
			isa = PBXGroup;
			children = (
				2544039B20BDB426005C1EB2 /* Collection.swift */,
				254403A020BDB901005C1EB2 /* RawRepresentable.swift */,
				2544039E20BDB8F2005C1EB2 /* Weak.swift */,
			);
			path = Swift;
			sourceTree = "<group>";
		};
		259272E520C01031004C8CDD /* Cocoa Touch */ = {
			isa = PBXGroup;
			children = (
				259272E620C0114E004C8CDD /* Foundation */,
				259272E720C01156004C8CDD /* UIKit */,
			);
			path = "Cocoa Touch";
			sourceTree = "<group>";
		};
		259272E620C0114E004C8CDD /* Foundation */ = {
			isa = PBXGroup;
			children = (
				259272E820C01176004C8CDD /* String.swift */,
			);
			path = Foundation;
			sourceTree = "<group>";
		};
		259272E720C01156004C8CDD /* UIKit */ = {
			isa = PBXGroup;
			children = (
				2595885320C55C47001ED4D0 /* UIView+Layout.swift */,
				2595885520C55CDB001ED4D0 /* UIViewController+Layout.swift */,
				259272EA20C011E8004C8CDD /* Reusable Views */,
				2595880520C555E8001ED4D0 /* Nib Convertible */,
				2595881C20C558AC001ED4D0 /* Storyboard Convertible */,
			);
			path = UIKit;
			sourceTree = "<group>";
		};
		259272EA20C011E8004C8CDD /* Reusable Views */ = {
			isa = PBXGroup;
			children = (
				259272EB20C0120C004C8CDD /* ReusableView+Registration.swift */,
				259272FF20C018E5004C8CDD /* ReusableView+Layout.swift */,
			);
			path = "Reusable Views";
			sourceTree = "<group>";
		};
		259272ED20C01280004C8CDD /* Swift */ = {
			isa = PBXGroup;
			children = (
			);
			path = Swift;
			sourceTree = "<group>";
		};
		259272EE20C01290004C8CDD /* Cocoa Touch */ = {
			isa = PBXGroup;
			children = (
				259272F020C012A5004C8CDD /* Foundation */,
				259272EF20C0129F004C8CDD /* UIKit */,
			);
			path = "Cocoa Touch";
			sourceTree = "<group>";
		};
		259272EF20C0129F004C8CDD /* UIKit */ = {
			isa = PBXGroup;
			children = (
				2595885720C573CB001ED4D0 /* UIView+LayoutTests.swift */,
				2595885920C574B1001ED4D0 /* UIView+Layout DataSet */,
				259272F120C012AF004C8CDD /* Reusable Views */,
				2595882720C55A21001ED4D0 /* Nib Convertible */,
				2595882820C55A2A001ED4D0 /* Storyboard Convertible */,
			);
			path = UIKit;
			sourceTree = "<group>";
		};
		259272F020C012A5004C8CDD /* Foundation */ = {
			isa = PBXGroup;
			children = (
			);
			path = Foundation;
			sourceTree = "<group>";
		};
		259272F120C012AF004C8CDD /* Reusable Views */ = {
			isa = PBXGroup;
			children = (
				259272F220C012DC004C8CDD /* RegistrationTests.swift */,
				259272F420C012F9004C8CDD /* DataSet */,
			);
			path = "Reusable Views";
			sourceTree = "<group>";
		};
		259272F420C012F9004C8CDD /* DataSet */ = {
			isa = PBXGroup;
			children = (
				259272F920C0137E004C8CDD /* RegistrationCollectionViewCell.xib */,
				259272F620C0137E004C8CDD /* RegistrationCollectionViewReusableView.xib */,
				259272F820C0137E004C8CDD /* RegistrationTableViewCell.xib */,
				259272F520C0137E004C8CDD /* RegistrationTableViewHeaderFooterView.xib */,
				259272F720C0137E004C8CDD /* RegistrationViews.swift */,
			);
			path = DataSet;
			sourceTree = "<group>";
		};
		2595880520C555E8001ED4D0 /* Nib Convertible */ = {
			isa = PBXGroup;
			children = (
				2595880620C555FD001ED4D0 /* NibConvertible.swift */,
				2595880A20C5566B001ED4D0 /* NibObjectProvider.swift */,
				2595880C20C556A6001ED4D0 /* LoadableFromNib.swift */,
				2595880E20C556ED001ED4D0 /* NibCustomView.swift */,
				2595881020C5570F001ED4D0 /* NibOwnerView.swift */,
				2595881220C5578A001ED4D0 /* NibIBNestableView.swift */,
				2595881420C557BA001ED4D0 /* NibCustomViewController.swift */,
				2595881620C557D6001ED4D0 /* NibOwnerViewController.swift */,
				2595880820C5563C001ED4D0 /* NibError.swift */,
				2595881820C55817001ED4D0 /* NibIBNestableViewController.swift */,
				2595881A20C5584E001ED4D0 /* NibReusableView.swift */,
			);
			path = "Nib Convertible";
			sourceTree = "<group>";
		};
		2595881C20C558AC001ED4D0 /* Storyboard Convertible */ = {
			isa = PBXGroup;
			children = (
				2595881F20C558EA001ED4D0 /* StoryboardConvertible.swift */,
				2595882120C55911001ED4D0 /* StoryboardObjectProvider.swift */,
				2595882320C55966001ED4D0 /* LoadableFromStoryboard.swift */,
				2595882520C55998001ED4D0 /* StoryboardViewController.swift */,
				2595881D20C558CF001ED4D0 /* StoryboardError.swift */,
			);
			path = "Storyboard Convertible";
			sourceTree = "<group>";
		};
		2595882720C55A21001ED4D0 /* Nib Convertible */ = {
			isa = PBXGroup;
			children = (
				2595882920C55A82001ED4D0 /* NibConvertibleTests.swift */,
				2595882D20C55AA9001ED4D0 /* DataSet */,
			);
			path = "Nib Convertible";
			sourceTree = "<group>";
		};
		2595882820C55A2A001ED4D0 /* Storyboard Convertible */ = {
			isa = PBXGroup;
			children = (
				2595882B20C55A96001ED4D0 /* StoryboardConvertibleTests.swift */,
				2595882E20C55AAF001ED4D0 /* DataSet */,
			);
			path = "Storyboard Convertible";
			sourceTree = "<group>";
		};
		2595882D20C55AA9001ED4D0 /* DataSet */ = {
			isa = PBXGroup;
			children = (
				2595883920C55AFF001ED4D0 /* NibConvertibleCustomViews.swift */,
				2595883120C55AFF001ED4D0 /* NibConvertibleCustomViews.xib */,
				2595883320C55AFF001ED4D0 /* NibConvertibleOwnerView.swift */,
				2595883A20C55AFF001ED4D0 /* NibConvertibleOwnerView.xib */,
				2595883520C55AFF001ED4D0 /* NibConvertibleIBNestableView.swift */,
				2595883020C55AFF001ED4D0 /* NibConvertibleIBNestableView.xib */,
				2595883420C55AFF001ED4D0 /* NibConvertibleViewsStoryboard.storyboard */,
				2595883720C55AFF001ED4D0 /* NibConvertibleCustomViewController.swift */,
				2595883620C55AFF001ED4D0 /* NibConvertibleCustomViewController.xib */,
				2595883820C55AFF001ED4D0 /* NibConvertibleOwnerViewController.swift */,
				2595883C20C55B00001ED4D0 /* NibConvertibleOwnerViewController.xib */,
				2595883B20C55B00001ED4D0 /* NibConvertibleIBNestableViewController.swift */,
				2595883220C55AFF001ED4D0 /* NibConvertibleIBNestableViewController.xib */,
				2595882F20C55AFF001ED4D0 /* NibConvertibleViewControllersStoryboard.storyboard */,
				2595883D20C55B00001ED4D0 /* NibConvertibleReusableViews.swift */,
			);
			path = DataSet;
			sourceTree = "<group>";
		};
		2595882E20C55AAF001ED4D0 /* DataSet */ = {
			isa = PBXGroup;
			children = (
				2595884E20C55B21001ED4D0 /* StoryboardConvertibleViewControllers.swift */,
				2595884D20C55B21001ED4D0 /* StoryboardConvertibleStoryboard.storyboard */,
				2595884F20C55B21001ED4D0 /* StoryboardConvertibleNoInitialStoryboard.storyboard */,
			);
			path = DataSet;
			sourceTree = "<group>";
		};
		2595885920C574B1001ED4D0 /* UIView+Layout DataSet */ = {
			isa = PBXGroup;
			children = (
				2595885C20C5775D001ED4D0 /* UIViewLayoutViewController.swift */,
				2595885A20C574DC001ED4D0 /* UIViewLayoutView.xib */,
			);
			path = "UIView+Layout DataSet";
			sourceTree = "<group>";
		};
/* End PBXGroup section */

/* Begin PBXHeadersBuildPhase section */
		2544037E20BDAD05005C1EB2 /* Headers */ = {
			isa = PBXHeadersBuildPhase;
			buildActionMask = 2147483647;
			files = (
				2544039220BDAD05005C1EB2 /* SwiftyTouch.h in Headers */,
			);
			runOnlyForDeploymentPostprocessing = 0;
		};
/* End PBXHeadersBuildPhase section */

/* Begin PBXNativeTarget section */
		2544038020BDAD05005C1EB2 /* SwiftyTouch */ = {
			isa = PBXNativeTarget;
			buildConfigurationList = 2544039520BDAD05005C1EB2 /* Build configuration list for PBXNativeTarget "SwiftyTouch" */;
			buildPhases = (
				2544037C20BDAD05005C1EB2 /* Sources */,
				2544037D20BDAD05005C1EB2 /* Frameworks */,
				2544037E20BDAD05005C1EB2 /* Headers */,
				2544037F20BDAD05005C1EB2 /* Resources */,
			);
			buildRules = (
			);
			dependencies = (
			);
			name = SwiftyTouch;
			productName = SwiftyTouch;
			productReference = 2544038120BDAD05005C1EB2 /* SwiftyTouch.framework */;
			productType = "com.apple.product-type.framework";
		};
		2544038920BDAD05005C1EB2 /* SwiftyTouchTests */ = {
			isa = PBXNativeTarget;
			buildConfigurationList = 2544039820BDAD05005C1EB2 /* Build configuration list for PBXNativeTarget "SwiftyTouchTests" */;
			buildPhases = (
				2544038620BDAD05005C1EB2 /* Sources */,
				2544038720BDAD05005C1EB2 /* Frameworks */,
				2544038820BDAD05005C1EB2 /* Resources */,
			);
			buildRules = (
			);
			dependencies = (
				2544038D20BDAD05005C1EB2 /* PBXTargetDependency */,
			);
			name = SwiftyTouchTests;
			productName = SwiftyTouchTests;
			productReference = 2544038A20BDAD05005C1EB2 /* SwiftyTouchTests.xctest */;
			productType = "com.apple.product-type.bundle.unit-test";
		};
/* End PBXNativeTarget section */

/* Begin PBXProject section */
		2544037820BDAD05005C1EB2 /* Project object */ = {
			isa = PBXProject;
			attributes = {
				LastSwiftUpdateCheck = 0930;
				LastUpgradeCheck = 0930;
				ORGANIZATIONNAME = LEPandaRouX;
				TargetAttributes = {
					2544038020BDAD05005C1EB2 = {
						CreatedOnToolsVersion = 9.3.1;
						LastSwiftMigration = 0930;
					};
					2544038920BDAD05005C1EB2 = {
						CreatedOnToolsVersion = 9.3.1;
					};
				};
			};
			buildConfigurationList = 2544037B20BDAD05005C1EB2 /* Build configuration list for PBXProject "SwiftyTouch" */;
			compatibilityVersion = "Xcode 9.3";
			developmentRegion = en;
			hasScannedForEncodings = 0;
			knownRegions = (
				en,
			);
			mainGroup = 2544037720BDAD05005C1EB2;
			productRefGroup = 2544038220BDAD05005C1EB2 /* Products */;
			projectDirPath = "";
			projectRoot = "";
			targets = (
				2544038020BDAD05005C1EB2 /* SwiftyTouch */,
				2544038920BDAD05005C1EB2 /* SwiftyTouchTests */,
			);
		};
/* End PBXProject section */

/* Begin PBXResourcesBuildPhase section */
		2544037F20BDAD05005C1EB2 /* Resources */ = {
			isa = PBXResourcesBuildPhase;
			buildActionMask = 2147483647;
			files = (
			);
			runOnlyForDeploymentPostprocessing = 0;
		};
		2544038820BDAD05005C1EB2 /* Resources */ = {
			isa = PBXResourcesBuildPhase;
			buildActionMask = 2147483647;
			files = (
				259272FD20C0137E004C8CDD /* RegistrationTableViewCell.xib in Resources */,
				2595884520C55B00001ED4D0 /* NibConvertibleCustomViewController.xib in Resources */,
				2595885220C55B21001ED4D0 /* StoryboardConvertibleNoInitialStoryboard.storyboard in Resources */,
				2595884B20C55B00001ED4D0 /* NibConvertibleOwnerViewController.xib in Resources */,
				2595884120C55B00001ED4D0 /* NibConvertibleIBNestableViewController.xib in Resources */,
				259272FA20C0137E004C8CDD /* RegistrationTableViewHeaderFooterView.xib in Resources */,
				2595884320C55B00001ED4D0 /* NibConvertibleViewsStoryboard.storyboard in Resources */,
				2595885020C55B21001ED4D0 /* StoryboardConvertibleStoryboard.storyboard in Resources */,
				259272FB20C0137E004C8CDD /* RegistrationCollectionViewReusableView.xib in Resources */,
				2595883E20C55B00001ED4D0 /* NibConvertibleViewControllersStoryboard.storyboard in Resources */,
				2595883F20C55B00001ED4D0 /* NibConvertibleIBNestableView.xib in Resources */,
				2595885B20C574DC001ED4D0 /* UIViewLayoutView.xib in Resources */,
				2595884020C55B00001ED4D0 /* NibConvertibleCustomViews.xib in Resources */,
				259272FE20C0137E004C8CDD /* RegistrationCollectionViewCell.xib in Resources */,
				2595884920C55B00001ED4D0 /* NibConvertibleOwnerView.xib in Resources */,
			);
			runOnlyForDeploymentPostprocessing = 0;
		};
/* End PBXResourcesBuildPhase section */

/* Begin PBXSourcesBuildPhase section */
		2544037C20BDAD05005C1EB2 /* Sources */ = {
			isa = PBXSourcesBuildPhase;
			buildActionMask = 2147483647;
			files = (
				2595881720C557D6001ED4D0 /* NibOwnerViewController.swift in Sources */,
				254403A120BDB901005C1EB2 /* RawRepresentable.swift in Sources */,
				2595880D20C556A6001ED4D0 /* LoadableFromNib.swift in Sources */,
				2544039C20BDB426005C1EB2 /* Collection.swift in Sources */,
				2595880B20C5566B001ED4D0 /* NibObjectProvider.swift in Sources */,
				2595882620C55998001ED4D0 /* StoryboardViewController.swift in Sources */,
				259272E920C01176004C8CDD /* String.swift in Sources */,
				2595880F20C556ED001ED4D0 /* NibCustomView.swift in Sources */,
				2595881920C55817001ED4D0 /* NibIBNestableViewController.swift in Sources */,
				2595882220C55911001ED4D0 /* StoryboardObjectProvider.swift in Sources */,
				259272EC20C0120C004C8CDD /* ReusableView+Registration.swift in Sources */,
				2595880920C5563C001ED4D0 /* NibError.swift in Sources */,
				2595885420C55C47001ED4D0 /* UIView+Layout.swift in Sources */,
				2595881120C5570F001ED4D0 /* NibOwnerView.swift in Sources */,
				2544039F20BDB8F2005C1EB2 /* Weak.swift in Sources */,
				2592730020C018E5004C8CDD /* ReusableView+Layout.swift in Sources */,
				2595882420C55966001ED4D0 /* LoadableFromStoryboard.swift in Sources */,
				2595881E20C558CF001ED4D0 /* StoryboardError.swift in Sources */,
				2595882020C558EA001ED4D0 /* StoryboardConvertible.swift in Sources */,
				2595880720C555FD001ED4D0 /* NibConvertible.swift in Sources */,
				2595881320C5578A001ED4D0 /* NibIBNestableView.swift in Sources */,
				2595881520C557BA001ED4D0 /* NibCustomViewController.swift in Sources */,
				2595885620C55CDB001ED4D0 /* UIViewController+Layout.swift in Sources */,
				2595881B20C5584E001ED4D0 /* NibReusableView.swift in Sources */,
			);
			runOnlyForDeploymentPostprocessing = 0;
		};
		2544038620BDAD05005C1EB2 /* Sources */ = {
			isa = PBXSourcesBuildPhase;
			buildActionMask = 2147483647;
			files = (
				2595884220C55B00001ED4D0 /* NibConvertibleOwnerView.swift in Sources */,
				2595882C20C55A96001ED4D0 /* StoryboardConvertibleTests.swift in Sources */,
				2595884720C55B00001ED4D0 /* NibConvertibleOwnerViewController.swift in Sources */,
				259272F320C012DC004C8CDD /* RegistrationTests.swift in Sources */,
				2595882A20C55A82001ED4D0 /* NibConvertibleTests.swift in Sources */,
				2595885120C55B21001ED4D0 /* StoryboardConvertibleViewControllers.swift in Sources */,
				2595884A20C55B00001ED4D0 /* NibConvertibleIBNestableViewController.swift in Sources */,
				259272FC20C0137E004C8CDD /* RegistrationViews.swift in Sources */,
				2595885D20C5775D001ED4D0 /* UIViewLayoutViewController.swift in Sources */,
				2595884620C55B00001ED4D0 /* NibConvertibleCustomViewController.swift in Sources */,
				2595884820C55B00001ED4D0 /* NibConvertibleCustomViews.swift in Sources */,
				2595884420C55B00001ED4D0 /* NibConvertibleIBNestableView.swift in Sources */,
				2595884C20C55B00001ED4D0 /* NibConvertibleReusableViews.swift in Sources */,
				2595885820C573CB001ED4D0 /* UIView+LayoutTests.swift in Sources */,
			);
			runOnlyForDeploymentPostprocessing = 0;
		};
/* End PBXSourcesBuildPhase section */

/* Begin PBXTargetDependency section */
		2544038D20BDAD05005C1EB2 /* PBXTargetDependency */ = {
			isa = PBXTargetDependency;
			target = 2544038020BDAD05005C1EB2 /* SwiftyTouch */;
			targetProxy = 2544038C20BDAD05005C1EB2 /* PBXContainerItemProxy */;
		};
/* End PBXTargetDependency section */

/* Begin XCBuildConfiguration section */
		2544039320BDAD05005C1EB2 /* Debug */ = {
			isa = XCBuildConfiguration;
			buildSettings = {
				ALWAYS_SEARCH_USER_PATHS = NO;
				CLANG_ANALYZER_NONNULL = YES;
				CLANG_ANALYZER_NUMBER_OBJECT_CONVERSION = YES_AGGRESSIVE;
				CLANG_CXX_LANGUAGE_STANDARD = "gnu++14";
				CLANG_CXX_LIBRARY = "libc++";
				CLANG_ENABLE_MODULES = YES;
				CLANG_ENABLE_OBJC_ARC = YES;
				CLANG_ENABLE_OBJC_WEAK = YES;
				CLANG_WARN_BLOCK_CAPTURE_AUTORELEASING = YES;
				CLANG_WARN_BOOL_CONVERSION = YES;
				CLANG_WARN_COMMA = YES;
				CLANG_WARN_CONSTANT_CONVERSION = YES;
				CLANG_WARN_DEPRECATED_OBJC_IMPLEMENTATIONS = YES;
				CLANG_WARN_DIRECT_OBJC_ISA_USAGE = YES_ERROR;
				CLANG_WARN_DOCUMENTATION_COMMENTS = YES;
				CLANG_WARN_EMPTY_BODY = YES;
				CLANG_WARN_ENUM_CONVERSION = YES;
				CLANG_WARN_INFINITE_RECURSION = YES;
				CLANG_WARN_INT_CONVERSION = YES;
				CLANG_WARN_NON_LITERAL_NULL_CONVERSION = YES;
				CLANG_WARN_OBJC_IMPLICIT_RETAIN_SELF = YES;
				CLANG_WARN_OBJC_LITERAL_CONVERSION = YES;
				CLANG_WARN_OBJC_ROOT_CLASS = YES_ERROR;
				CLANG_WARN_RANGE_LOOP_ANALYSIS = YES;
				CLANG_WARN_STRICT_PROTOTYPES = YES;
				CLANG_WARN_SUSPICIOUS_MOVE = YES;
				CLANG_WARN_UNGUARDED_AVAILABILITY = YES_AGGRESSIVE;
				CLANG_WARN_UNREACHABLE_CODE = YES;
				CLANG_WARN__DUPLICATE_METHOD_MATCH = YES;
				CODE_SIGN_IDENTITY = "iPhone Developer";
				COPY_PHASE_STRIP = NO;
				CURRENT_PROJECT_VERSION = 1;
				DEBUG_INFORMATION_FORMAT = dwarf;
				ENABLE_STRICT_OBJC_MSGSEND = YES;
				ENABLE_TESTABILITY = YES;
				GCC_C_LANGUAGE_STANDARD = gnu11;
				GCC_DYNAMIC_NO_PIC = NO;
				GCC_NO_COMMON_BLOCKS = YES;
				GCC_OPTIMIZATION_LEVEL = 0;
				GCC_PREPROCESSOR_DEFINITIONS = (
					"DEBUG=1",
					"$(inherited)",
				);
				GCC_WARN_64_TO_32_BIT_CONVERSION = YES;
				GCC_WARN_ABOUT_RETURN_TYPE = YES_ERROR;
				GCC_WARN_UNDECLARED_SELECTOR = YES;
				GCC_WARN_UNINITIALIZED_AUTOS = YES_AGGRESSIVE;
				GCC_WARN_UNUSED_FUNCTION = YES;
				GCC_WARN_UNUSED_VARIABLE = YES;
				IPHONEOS_DEPLOYMENT_TARGET = 10.0;
				MTL_ENABLE_DEBUG_INFO = YES;
				ONLY_ACTIVE_ARCH = YES;
				SDKROOT = iphoneos;
				SWIFT_ACTIVE_COMPILATION_CONDITIONS = DEBUG;
				SWIFT_OPTIMIZATION_LEVEL = "-Onone";
				VERSIONING_SYSTEM = "apple-generic";
				VERSION_INFO_PREFIX = "";
			};
			name = Debug;
		};
		2544039420BDAD05005C1EB2 /* Release */ = {
			isa = XCBuildConfiguration;
			buildSettings = {
				ALWAYS_SEARCH_USER_PATHS = NO;
				CLANG_ANALYZER_NONNULL = YES;
				CLANG_ANALYZER_NUMBER_OBJECT_CONVERSION = YES_AGGRESSIVE;
				CLANG_CXX_LANGUAGE_STANDARD = "gnu++14";
				CLANG_CXX_LIBRARY = "libc++";
				CLANG_ENABLE_MODULES = YES;
				CLANG_ENABLE_OBJC_ARC = YES;
				CLANG_ENABLE_OBJC_WEAK = YES;
				CLANG_WARN_BLOCK_CAPTURE_AUTORELEASING = YES;
				CLANG_WARN_BOOL_CONVERSION = YES;
				CLANG_WARN_COMMA = YES;
				CLANG_WARN_CONSTANT_CONVERSION = YES;
				CLANG_WARN_DEPRECATED_OBJC_IMPLEMENTATIONS = YES;
				CLANG_WARN_DIRECT_OBJC_ISA_USAGE = YES_ERROR;
				CLANG_WARN_DOCUMENTATION_COMMENTS = YES;
				CLANG_WARN_EMPTY_BODY = YES;
				CLANG_WARN_ENUM_CONVERSION = YES;
				CLANG_WARN_INFINITE_RECURSION = YES;
				CLANG_WARN_INT_CONVERSION = YES;
				CLANG_WARN_NON_LITERAL_NULL_CONVERSION = YES;
				CLANG_WARN_OBJC_IMPLICIT_RETAIN_SELF = YES;
				CLANG_WARN_OBJC_LITERAL_CONVERSION = YES;
				CLANG_WARN_OBJC_ROOT_CLASS = YES_ERROR;
				CLANG_WARN_RANGE_LOOP_ANALYSIS = YES;
				CLANG_WARN_STRICT_PROTOTYPES = YES;
				CLANG_WARN_SUSPICIOUS_MOVE = YES;
				CLANG_WARN_UNGUARDED_AVAILABILITY = YES_AGGRESSIVE;
				CLANG_WARN_UNREACHABLE_CODE = YES;
				CLANG_WARN__DUPLICATE_METHOD_MATCH = YES;
				CODE_SIGN_IDENTITY = "iPhone Developer";
				COPY_PHASE_STRIP = NO;
				CURRENT_PROJECT_VERSION = 1;
				DEBUG_INFORMATION_FORMAT = "dwarf-with-dsym";
				ENABLE_NS_ASSERTIONS = NO;
				ENABLE_STRICT_OBJC_MSGSEND = YES;
				GCC_C_LANGUAGE_STANDARD = gnu11;
				GCC_NO_COMMON_BLOCKS = YES;
				GCC_WARN_64_TO_32_BIT_CONVERSION = YES;
				GCC_WARN_ABOUT_RETURN_TYPE = YES_ERROR;
				GCC_WARN_UNDECLARED_SELECTOR = YES;
				GCC_WARN_UNINITIALIZED_AUTOS = YES_AGGRESSIVE;
				GCC_WARN_UNUSED_FUNCTION = YES;
				GCC_WARN_UNUSED_VARIABLE = YES;
				IPHONEOS_DEPLOYMENT_TARGET = 10.0;
				MTL_ENABLE_DEBUG_INFO = NO;
				SDKROOT = iphoneos;
				SWIFT_COMPILATION_MODE = wholemodule;
				SWIFT_OPTIMIZATION_LEVEL = "-O";
				VALIDATE_PRODUCT = YES;
				VERSIONING_SYSTEM = "apple-generic";
				VERSION_INFO_PREFIX = "";
			};
			name = Release;
		};
		2544039620BDAD05005C1EB2 /* Debug */ = {
			isa = XCBuildConfiguration;
			buildSettings = {
				CLANG_ENABLE_MODULES = YES;
				CODE_SIGN_IDENTITY = "";
				CODE_SIGN_STYLE = Automatic;
				DEFINES_MODULE = YES;
				DYLIB_COMPATIBILITY_VERSION = 1;
				DYLIB_CURRENT_VERSION = 1;
				DYLIB_INSTALL_NAME_BASE = "@rpath";
				INFOPLIST_FILE = SwiftyTouch/Info.plist;
				INSTALL_PATH = "$(LOCAL_LIBRARY_DIR)/Frameworks";
				LD_RUNPATH_SEARCH_PATHS = (
					"$(inherited)",
					"@executable_path/Frameworks",
					"@loader_path/Frameworks",
				);
				PRODUCT_BUNDLE_IDENTIFIER = io.lepandaroux.SwiftyTouch;
				PRODUCT_NAME = "$(TARGET_NAME:c99extidentifier)";
				SKIP_INSTALL = YES;
				SWIFT_OPTIMIZATION_LEVEL = "-Onone";
				SWIFT_VERSION = 4.1;
				TARGETED_DEVICE_FAMILY = "1,2";
			};
			name = Debug;
		};
		2544039720BDAD05005C1EB2 /* Release */ = {
			isa = XCBuildConfiguration;
			buildSettings = {
				CLANG_ENABLE_MODULES = YES;
				CODE_SIGN_IDENTITY = "";
				CODE_SIGN_STYLE = Automatic;
				DEFINES_MODULE = YES;
				DYLIB_COMPATIBILITY_VERSION = 1;
				DYLIB_CURRENT_VERSION = 1;
				DYLIB_INSTALL_NAME_BASE = "@rpath";
				INFOPLIST_FILE = SwiftyTouch/Info.plist;
				INSTALL_PATH = "$(LOCAL_LIBRARY_DIR)/Frameworks";
				LD_RUNPATH_SEARCH_PATHS = (
					"$(inherited)",
					"@executable_path/Frameworks",
					"@loader_path/Frameworks",
				);
				PRODUCT_BUNDLE_IDENTIFIER = io.lepandaroux.SwiftyTouch;
				PRODUCT_NAME = "$(TARGET_NAME:c99extidentifier)";
				SKIP_INSTALL = YES;
				SWIFT_VERSION = 4.1;
				TARGETED_DEVICE_FAMILY = "1,2";
			};
			name = Release;
		};
		2544039920BDAD05005C1EB2 /* Debug */ = {
			isa = XCBuildConfiguration;
			buildSettings = {
				ALWAYS_EMBED_SWIFT_STANDARD_LIBRARIES = YES;
				CODE_SIGN_STYLE = Automatic;
				INFOPLIST_FILE = SwiftyTouchTests/Info.plist;
				LD_RUNPATH_SEARCH_PATHS = (
					"$(inherited)",
					"@executable_path/Frameworks",
					"@loader_path/Frameworks",
				);
				PRODUCT_BUNDLE_IDENTIFIER = io.lepandaroux.SwiftyTouchTests;
				PRODUCT_NAME = "$(TARGET_NAME)";
				SWIFT_VERSION = 4.0;
				TARGETED_DEVICE_FAMILY = "1,2";
			};
			name = Debug;
		};
		2544039A20BDAD05005C1EB2 /* Release */ = {
			isa = XCBuildConfiguration;
			buildSettings = {
				ALWAYS_EMBED_SWIFT_STANDARD_LIBRARIES = YES;
				CODE_SIGN_STYLE = Automatic;
				INFOPLIST_FILE = SwiftyTouchTests/Info.plist;
				LD_RUNPATH_SEARCH_PATHS = (
					"$(inherited)",
					"@executable_path/Frameworks",
					"@loader_path/Frameworks",
				);
				PRODUCT_BUNDLE_IDENTIFIER = io.lepandaroux.SwiftyTouchTests;
				PRODUCT_NAME = "$(TARGET_NAME)";
				SWIFT_VERSION = 4.0;
				TARGETED_DEVICE_FAMILY = "1,2";
			};
			name = Release;
		};
/* End XCBuildConfiguration section */

/* Begin XCConfigurationList section */
		2544037B20BDAD05005C1EB2 /* Build configuration list for PBXProject "SwiftyTouch" */ = {
			isa = XCConfigurationList;
			buildConfigurations = (
				2544039320BDAD05005C1EB2 /* Debug */,
				2544039420BDAD05005C1EB2 /* Release */,
			);
			defaultConfigurationIsVisible = 0;
			defaultConfigurationName = Release;
		};
		2544039520BDAD05005C1EB2 /* Build configuration list for PBXNativeTarget "SwiftyTouch" */ = {
			isa = XCConfigurationList;
			buildConfigurations = (
				2544039620BDAD05005C1EB2 /* Debug */,
				2544039720BDAD05005C1EB2 /* Release */,
			);
			defaultConfigurationIsVisible = 0;
			defaultConfigurationName = Release;
		};
		2544039820BDAD05005C1EB2 /* Build configuration list for PBXNativeTarget "SwiftyTouchTests" */ = {
			isa = XCConfigurationList;
			buildConfigurations = (
				2544039920BDAD05005C1EB2 /* Debug */,
				2544039A20BDAD05005C1EB2 /* Release */,
			);
			defaultConfigurationIsVisible = 0;
			defaultConfigurationName = Release;
		};
/* End XCConfigurationList section */
	};
	rootObject = 2544037820BDAD05005C1EB2 /* Project object */;
}
